
Microsoft Visual Studio Solution File, Format Version 12.00
# Visual Studio 15
VisualStudioVersion = 15.0.28307.1145
MinimumVisualStudioVersion = 10.0.40219.1
Project("{FAE04EC0-301F-11D3-BF4B-00C04F79EFBC}") = "GeometryLib", "GeometryLib\GeometryLib.csproj", "{68AEBC37-2F08-4720-9D75-E40DF47D364A}"
EndProject
Global
	GlobalSection(SolutionConfigurationPlatforms) = preSolution
		Debug|Any CPU = Debug|Any CPU
		Release|Any CPU = Release|Any CPU
	EndGlobalSection
	GlobalSection(ProjectConfigurationPlatforms) = postSolution
		{68AEBC37-2F08-4720-9D75-E40DF47D364A}.Debug|Any CPU.ActiveCfg = Debug|Any CPU
		{68AEBC37-2F08-4720-9D75-E40DF47D364A}.Debug|Any CPU.Build.0 = Debug|Any CPU
		{68AEBC37-2F08-4720-9D75-E40DF47D364A}.Release|Any CPU.ActiveCfg = Release|Any CPU
		{68AEBC37-2F08-4720-9D75-E40DF47D364A}.Release|Any CPU.Build.0 = Release|Any CPU
	EndGlobalSection
	GlobalSection(SolutionProperties) = preSolution
		HideSolutionNode = FALSE
	EndGlobalSection
	GlobalSection(ExtensibilityGlobals) = postSolution
		SolutionGuid = {3EA1FB80-CB28-4804-ADA4-03FF3AF5E952}
	EndGlobalSection
EndGlobal
